
Microsoft Visual Studio Solution File, Format Version 12.00
# Visual Studio Version 17
VisualStudioVersion = 17.4.33213.308
MinimumVisualStudioVersion = 10.0.40219.1
Project("{9A19103F-16F7-4668-BE54-9A1E7A4F7556}") = "AthleteManagementSystem.App", "AthleteManagementSystem.App\AthleteManagementSystem.App.csproj", "{B95BF69B-E6D6-4022-ABAC-B7066AD8A868}"
EndProject
Project("{9A19103F-16F7-4668-BE54-9A1E7A4F7556}") = "AthleteManagementSystem.Web", "AthleteManagementSystem.Web\AthleteManagementSystem.Web.csproj", "{0EEA4424-7E27-4B72-B1AD-2770DECFDC29}"
EndProject
Project("{9A19103F-16F7-4668-BE54-9A1E7A4F7556}") = "AthleteManagementSystem.AppPages", "AthleteManagementSystem.AppPages\AthleteManagementSystem.AppPages.csproj", "{FAB84478-7306-494F-8556-B8BB29AB02CA}"
EndProject
Global
	GlobalSection(SolutionConfigurationPlatforms) = preSolution
		Debug|Any CPU = Debug|Any CPU
		Release|Any CPU = Release|Any CPU
	EndGlobalSection
	GlobalSection(ProjectConfigurationPlatforms) = postSolution
		{B95BF69B-E6D6-4022-ABAC-B7066AD8A868}.Debug|Any CPU.ActiveCfg = Debug|Any CPU
		{B95BF69B-E6D6-4022-ABAC-B7066AD8A868}.Debug|Any CPU.Build.0 = Debug|Any CPU
		{B95BF69B-E6D6-4022-ABAC-B7066AD8A868}.Debug|Any CPU.Deploy.0 = Debug|Any CPU
		{B95BF69B-E6D6-4022-ABAC-B7066AD8A868}.Release|Any CPU.ActiveCfg = Release|Any CPU
		{B95BF69B-E6D6-4022-ABAC-B7066AD8A868}.Release|Any CPU.Build.0 = Release|Any CPU
		{B95BF69B-E6D6-4022-ABAC-B7066AD8A868}.Release|Any CPU.Deploy.0 = Release|Any CPU
		{0EEA4424-7E27-4B72-B1AD-2770DECFDC29}.Debug|Any CPU.ActiveCfg = Debug|Any CPU
		{0EEA4424-7E27-4B72-B1AD-2770DECFDC29}.Debug|Any CPU.Build.0 = Debug|Any CPU
		{0EEA4424-7E27-4B72-B1AD-2770DECFDC29}.Release|Any CPU.ActiveCfg = Release|Any CPU
		{0EEA4424-7E27-4B72-B1AD-2770DECFDC29}.Release|Any CPU.Build.0 = Release|Any CPU
		{FAB84478-7306-494F-8556-B8BB29AB02CA}.Debug|Any CPU.ActiveCfg = Debug|Any CPU
		{FAB84478-7306-494F-8556-B8BB29AB02CA}.Debug|Any CPU.Build.0 = Debug|Any CPU
		{FAB84478-7306-494F-8556-B8BB29AB02CA}.Release|Any CPU.ActiveCfg = Release|Any CPU
		{FAB84478-7306-494F-8556-B8BB29AB02CA}.Release|Any CPU.Build.0 = Release|Any CPU
	EndGlobalSection
	GlobalSection(SolutionProperties) = preSolution
		HideSolutionNode = FALSE
	EndGlobalSection
	GlobalSection(ExtensibilityGlobals) = postSolution
		SolutionGuid = {A502FA3E-21EF-4C70-8762-3474405EB492}
	EndGlobalSection
EndGlobal
